// !$*UTF8*$!
{
	archiveVersion = 1;
	classes = {
	};
	objectVersion = 50;
	objects = {

/* Begin PBXBuildFile section */
		D13D4C8223AD6BB3006A2309 /* AppDelegate.swift in Sources */ = {isa = PBXBuildFile; fileRef = D13D4C8123AD6BB3006A2309 /* AppDelegate.swift */; };
		D13D4C8423AD6BB3006A2309 /* ProductListViewController.swift in Sources */ = {isa = PBXBuildFile; fileRef = D13D4C8323AD6BB3006A2309 /* ProductListViewController.swift */; };
		D13D4C8623AD6BB3006A2309 /* WishlistViewController.swift in Sources */ = {isa = PBXBuildFile; fileRef = D13D4C8523AD6BB3006A2309 /* WishlistViewController.swift */; };
		D13D4C8923AD6BB3006A2309 /* Main.storyboard in Resources */ = {isa = PBXBuildFile; fileRef = D13D4C8723AD6BB3006A2309 /* Main.storyboard */; };
		D13D4C8B23AD6BB6006A2309 /* Assets.xcassets in Resources */ = {isa = PBXBuildFile; fileRef = D13D4C8A23AD6BB6006A2309 /* Assets.xcassets */; };
		D13D4C8E23AD6BB6006A2309 /* LaunchScreen.storyboard in Resources */ = {isa = PBXBuildFile; fileRef = D13D4C8C23AD6BB6006A2309 /* LaunchScreen.storyboard */; };
		D13D4C9923AD6BB6006A2309 /* ShopperTests.swift in Sources */ = {isa = PBXBuildFile; fileRef = D13D4C9823AD6BB6006A2309 /* ShopperTests.swift */; };
		D13D4CA423AD6BB6006A2309 /* ShopperUITests.swift in Sources */ = {isa = PBXBuildFile; fileRef = D13D4CA323AD6BB6006A2309 /* ShopperUITests.swift */; };
		D1D3788923AD9B3700206D06 /* AsyncImageView.swift in Sources */ = {isa = PBXBuildFile; fileRef = D1D3788823AD9B3700206D06 /* AsyncImageView.swift */; };
		D1D3788B23ADA67900206D06 /* WishListItem.swift in Sources */ = {isa = PBXBuildFile; fileRef = D1D3788A23ADA67900206D06 /* WishListItem.swift */; };
		D1D3788D23ADA6A800206D06 /* WishList.swift in Sources */ = {isa = PBXBuildFile; fileRef = D1D3788C23ADA6A800206D06 /* WishList.swift */; };
		D1D3788F23ADA71700206D06 /* WishListPersister.swift in Sources */ = {isa = PBXBuildFile; fileRef = D1D3788E23ADA71700206D06 /* WishListPersister.swift */; };
		D1D3789123ADA92800206D06 /* KeyValueStore.swift in Sources */ = {isa = PBXBuildFile; fileRef = D1D3789023ADA92800206D06 /* KeyValueStore.swift */; };
		D1D3789323ADAE8600206D06 /* WishListRepository.swift in Sources */ = {isa = PBXBuildFile; fileRef = D1D3789223ADAE8600206D06 /* WishListRepository.swift */; };
		D1F026A623AD6D24007C041F /* ProductListViewModel.swift in Sources */ = {isa = PBXBuildFile; fileRef = D1F026A523AD6D24007C041F /* ProductListViewModel.swift */; };
		D1F026A823AD6F8B007C041F /* ProductRepository.swift in Sources */ = {isa = PBXBuildFile; fileRef = D1F026A723AD6F8B007C041F /* ProductRepository.swift */; };
		D1F026AA23AD6FFE007C041F /* Product.swift in Sources */ = {isa = PBXBuildFile; fileRef = D1F026A923AD6FFE007C041F /* Product.swift */; };
		D1F026AC23AD72D8007C041F /* ProductListCellViewModel.swift in Sources */ = {isa = PBXBuildFile; fileRef = D1F026AB23AD72D8007C041F /* ProductListCellViewModel.swift */; };
		D1F026AE23AD72E5007C041F /* ProductListCell.swift in Sources */ = {isa = PBXBuildFile; fileRef = D1F026AD23AD72E5007C041F /* ProductListCell.swift */; };
		D1F026B023AD7419007C041F /* ProductListService.swift in Sources */ = {isa = PBXBuildFile; fileRef = D1F026AF23AD7419007C041F /* ProductListService.swift */; };
		D1F026B323AD753C007C041F /* NetworkClient.swift in Sources */ = {isa = PBXBuildFile; fileRef = D1F026B223AD753C007C041F /* NetworkClient.swift */; };
		D1F026B523AD75C7007C041F /* HttpRequest.swift in Sources */ = {isa = PBXBuildFile; fileRef = D1F026B423AD75C7007C041F /* HttpRequest.swift */; };
		D1F026B723AD775C007C041F /* HttpResult.swift in Sources */ = {isa = PBXBuildFile; fileRef = D1F026B623AD775C007C041F /* HttpResult.swift */; };
		D1F026B923AD7B33007C041F /* HttpRequestMapper.swift in Sources */ = {isa = PBXBuildFile; fileRef = D1F026B823AD7B33007C041F /* HttpRequestMapper.swift */; };
		D1F026BB23AD8659007C041F /* NSError+Utils.swift in Sources */ = {isa = PBXBuildFile; fileRef = D1F026BA23AD8659007C041F /* NSError+Utils.swift */; };
		D1F026C123AD8A03007C041F /* ProductListCell.xib in Resources */ = {isa = PBXBuildFile; fileRef = D1F026C023AD8A03007C041F /* ProductListCell.xib */; };
/* End PBXBuildFile section */

/* Begin PBXContainerItemProxy section */
		D13D4C9523AD6BB6006A2309 /* PBXContainerItemProxy */ = {
			isa = PBXContainerItemProxy;
			containerPortal = D13D4C7623AD6BB2006A2309 /* Project object */;
			proxyType = 1;
			remoteGlobalIDString = D13D4C7D23AD6BB3006A2309;
			remoteInfo = Shopper;
		};
		D13D4CA023AD6BB6006A2309 /* PBXContainerItemProxy */ = {
			isa = PBXContainerItemProxy;
			containerPortal = D13D4C7623AD6BB2006A2309 /* Project object */;
			proxyType = 1;
			remoteGlobalIDString = D13D4C7D23AD6BB3006A2309;
			remoteInfo = Shopper;
		};
/* End PBXContainerItemProxy section */

/* Begin PBXFileReference section */
		D13D4C7E23AD6BB3006A2309 /* Shopper.app */ = {isa = PBXFileReference; explicitFileType = wrapper.application; includeInIndex = 0; path = Shopper.app; sourceTree = BUILT_PRODUCTS_DIR; };
		D13D4C8123AD6BB3006A2309 /* AppDelegate.swift */ = {isa = PBXFileReference; lastKnownFileType = sourcecode.swift; path = AppDelegate.swift; sourceTree = "<group>"; };
		D13D4C8323AD6BB3006A2309 /* ProductListViewController.swift */ = {isa = PBXFileReference; lastKnownFileType = sourcecode.swift; path = ProductListViewController.swift; sourceTree = "<group>"; };
		D13D4C8523AD6BB3006A2309 /* WishlistViewController.swift */ = {isa = PBXFileReference; lastKnownFileType = sourcecode.swift; path = WishlistViewController.swift; sourceTree = "<group>"; };
		D13D4C8823AD6BB3006A2309 /* Base */ = {isa = PBXFileReference; lastKnownFileType = file.storyboard; name = Base; path = Base.lproj/Main.storyboard; sourceTree = "<group>"; };
		D13D4C8A23AD6BB6006A2309 /* Assets.xcassets */ = {isa = PBXFileReference; lastKnownFileType = folder.assetcatalog; path = Assets.xcassets; sourceTree = "<group>"; };
		D13D4C8D23AD6BB6006A2309 /* Base */ = {isa = PBXFileReference; lastKnownFileType = file.storyboard; name = Base; path = Base.lproj/LaunchScreen.storyboard; sourceTree = "<group>"; };
		D13D4C8F23AD6BB6006A2309 /* Info.plist */ = {isa = PBXFileReference; lastKnownFileType = text.plist.xml; path = Info.plist; sourceTree = "<group>"; };
		D13D4C9423AD6BB6006A2309 /* ShopperTests.xctest */ = {isa = PBXFileReference; explicitFileType = wrapper.cfbundle; includeInIndex = 0; path = ShopperTests.xctest; sourceTree = BUILT_PRODUCTS_DIR; };
		D13D4C9823AD6BB6006A2309 /* ShopperTests.swift */ = {isa = PBXFileReference; lastKnownFileType = sourcecode.swift; path = ShopperTests.swift; sourceTree = "<group>"; };
		D13D4C9A23AD6BB6006A2309 /* Info.plist */ = {isa = PBXFileReference; lastKnownFileType = text.plist.xml; path = Info.plist; sourceTree = "<group>"; };
		D13D4C9F23AD6BB6006A2309 /* ShopperUITests.xctest */ = {isa = PBXFileReference; explicitFileType = wrapper.cfbundle; includeInIndex = 0; path = ShopperUITests.xctest; sourceTree = BUILT_PRODUCTS_DIR; };
		D13D4CA323AD6BB6006A2309 /* ShopperUITests.swift */ = {isa = PBXFileReference; lastKnownFileType = sourcecode.swift; path = ShopperUITests.swift; sourceTree = "<group>"; };
		D13D4CA523AD6BB6006A2309 /* Info.plist */ = {isa = PBXFileReference; lastKnownFileType = text.plist.xml; path = Info.plist; sourceTree = "<group>"; };
		D1D3788823AD9B3700206D06 /* AsyncImageView.swift */ = {isa = PBXFileReference; lastKnownFileType = sourcecode.swift; path = AsyncImageView.swift; sourceTree = "<group>"; };
		D1D3788A23ADA67900206D06 /* WishListItem.swift */ = {isa = PBXFileReference; lastKnownFileType = sourcecode.swift; path = WishListItem.swift; sourceTree = "<group>"; };
		D1D3788C23ADA6A800206D06 /* WishList.swift */ = {isa = PBXFileReference; lastKnownFileType = sourcecode.swift; path = WishList.swift; sourceTree = "<group>"; };
		D1D3788E23ADA71700206D06 /* WishListPersister.swift */ = {isa = PBXFileReference; lastKnownFileType = sourcecode.swift; path = WishListPersister.swift; sourceTree = "<group>"; };
		D1D3789023ADA92800206D06 /* KeyValueStore.swift */ = {isa = PBXFileReference; lastKnownFileType = sourcecode.swift; path = KeyValueStore.swift; sourceTree = "<group>"; };
		D1D3789223ADAE8600206D06 /* WishListRepository.swift */ = {isa = PBXFileReference; lastKnownFileType = sourcecode.swift; path = WishListRepository.swift; sourceTree = "<group>"; };
		D1F026A523AD6D24007C041F /* ProductListViewModel.swift */ = {isa = PBXFileReference; lastKnownFileType = sourcecode.swift; path = ProductListViewModel.swift; sourceTree = "<group>"; };
		D1F026A723AD6F8B007C041F /* ProductRepository.swift */ = {isa = PBXFileReference; lastKnownFileType = sourcecode.swift; path = ProductRepository.swift; sourceTree = "<group>"; };
		D1F026A923AD6FFE007C041F /* Product.swift */ = {isa = PBXFileReference; lastKnownFileType = sourcecode.swift; path = Product.swift; sourceTree = "<group>"; };
		D1F026AB23AD72D8007C041F /* ProductListCellViewModel.swift */ = {isa = PBXFileReference; lastKnownFileType = sourcecode.swift; path = ProductListCellViewModel.swift; sourceTree = "<group>"; };
		D1F026AD23AD72E5007C041F /* ProductListCell.swift */ = {isa = PBXFileReference; lastKnownFileType = sourcecode.swift; path = ProductListCell.swift; sourceTree = "<group>"; };
		D1F026AF23AD7419007C041F /* ProductListService.swift */ = {isa = PBXFileReference; lastKnownFileType = sourcecode.swift; path = ProductListService.swift; sourceTree = "<group>"; };
		D1F026B223AD753C007C041F /* NetworkClient.swift */ = {isa = PBXFileReference; lastKnownFileType = sourcecode.swift; path = NetworkClient.swift; sourceTree = "<group>"; };
		D1F026B423AD75C7007C041F /* HttpRequest.swift */ = {isa = PBXFileReference; lastKnownFileType = sourcecode.swift; path = HttpRequest.swift; sourceTree = "<group>"; };
		D1F026B623AD775C007C041F /* HttpResult.swift */ = {isa = PBXFileReference; lastKnownFileType = sourcecode.swift; path = HttpResult.swift; sourceTree = "<group>"; };
		D1F026B823AD7B33007C041F /* HttpRequestMapper.swift */ = {isa = PBXFileReference; lastKnownFileType = sourcecode.swift; path = HttpRequestMapper.swift; sourceTree = "<group>"; };
		D1F026BA23AD8659007C041F /* NSError+Utils.swift */ = {isa = PBXFileReference; lastKnownFileType = sourcecode.swift; path = "NSError+Utils.swift"; sourceTree = "<group>"; };
		D1F026C023AD8A03007C041F /* ProductListCell.xib */ = {isa = PBXFileReference; lastKnownFileType = file.xib; path = ProductListCell.xib; sourceTree = "<group>"; };
/* End PBXFileReference section */

/* Begin PBXFrameworksBuildPhase section */
		D13D4C7B23AD6BB3006A2309 /* Frameworks */ = {
			isa = PBXFrameworksBuildPhase;
			buildActionMask = 2147483647;
			files = (
			);
			runOnlyForDeploymentPostprocessing = 0;
		};
		D13D4C9123AD6BB6006A2309 /* Frameworks */ = {
			isa = PBXFrameworksBuildPhase;
			buildActionMask = 2147483647;
			files = (
			);
			runOnlyForDeploymentPostprocessing = 0;
		};
		D13D4C9C23AD6BB6006A2309 /* Frameworks */ = {
			isa = PBXFrameworksBuildPhase;
			buildActionMask = 2147483647;
			files = (
			);
			runOnlyForDeploymentPostprocessing = 0;
		};
/* End PBXFrameworksBuildPhase section */

/* Begin PBXGroup section */
		D13D4C7523AD6BB2006A2309 = {
			isa = PBXGroup;
			children = (
				D13D4C8023AD6BB3006A2309 /* Shopper */,
				D13D4C9723AD6BB6006A2309 /* ShopperTests */,
				D13D4CA223AD6BB6006A2309 /* ShopperUITests */,
				D13D4C7F23AD6BB3006A2309 /* Products */,
			);
			sourceTree = "<group>";
		};
		D13D4C7F23AD6BB3006A2309 /* Products */ = {
			isa = PBXGroup;
			children = (
				D13D4C7E23AD6BB3006A2309 /* Shopper.app */,
				D13D4C9423AD6BB6006A2309 /* ShopperTests.xctest */,
				D13D4C9F23AD6BB6006A2309 /* ShopperUITests.xctest */,
			);
			name = Products;
			sourceTree = "<group>";
		};
		D13D4C8023AD6BB3006A2309 /* Shopper */ = {
			isa = PBXGroup;
			children = (
				D1F026B123AD751F007C041F /* Core */,
				D13D4CB223AD6BDE006A2309 /* WishList */,
				D13D4CB123AD6BD3006A2309 /* ProductList */,
				D13D4C8123AD6BB3006A2309 /* AppDelegate.swift */,
				D13D4C8723AD6BB3006A2309 /* Main.storyboard */,
				D13D4C8A23AD6BB6006A2309 /* Assets.xcassets */,
				D13D4C8C23AD6BB6006A2309 /* LaunchScreen.storyboard */,
				D13D4C8F23AD6BB6006A2309 /* Info.plist */,
			);
			path = Shopper;
			sourceTree = "<group>";
		};
		D13D4C9723AD6BB6006A2309 /* ShopperTests */ = {
			isa = PBXGroup;
			children = (
				D13D4C9823AD6BB6006A2309 /* ShopperTests.swift */,
				D13D4C9A23AD6BB6006A2309 /* Info.plist */,
			);
			path = ShopperTests;
			sourceTree = "<group>";
		};
		D13D4CA223AD6BB6006A2309 /* ShopperUITests */ = {
			isa = PBXGroup;
			children = (
				D13D4CA323AD6BB6006A2309 /* ShopperUITests.swift */,
				D13D4CA523AD6BB6006A2309 /* Info.plist */,
			);
			path = ShopperUITests;
			sourceTree = "<group>";
		};
		D13D4CB123AD6BD3006A2309 /* ProductList */ = {
			isa = PBXGroup;
			children = (
				D13D4C8323AD6BB3006A2309 /* ProductListViewController.swift */,
				D1F026A523AD6D24007C041F /* ProductListViewModel.swift */,
				D1F026A723AD6F8B007C041F /* ProductRepository.swift */,
				D1F026AF23AD7419007C041F /* ProductListService.swift */,
				D1F026AB23AD72D8007C041F /* ProductListCellViewModel.swift */,
				D1F026AD23AD72E5007C041F /* ProductListCell.swift */,
				D1F026C023AD8A03007C041F /* ProductListCell.xib */,
				D1F026A923AD6FFE007C041F /* Product.swift */,
			);
			path = ProductList;
			sourceTree = "<group>";
		};
		D13D4CB223AD6BDE006A2309 /* WishList */ = {
			isa = PBXGroup;
			children = (
				D13D4C8523AD6BB3006A2309 /* WishlistViewController.swift */,
				D1D3788A23ADA67900206D06 /* WishListItem.swift */,
				D1D3788C23ADA6A800206D06 /* WishList.swift */,
				D1D3788E23ADA71700206D06 /* WishListPersister.swift */,
				D1D3789223ADAE8600206D06 /* WishListRepository.swift */,
			);
			path = WishList;
			sourceTree = "<group>";
		};
		D1F026B123AD751F007C041F /* Core */ = {
			isa = PBXGroup;
			children = (
				D1F026B223AD753C007C041F /* NetworkClient.swift */,
				D1F026B423AD75C7007C041F /* HttpRequest.swift */,
				D1F026B823AD7B33007C041F /* HttpRequestMapper.swift */,
				D1F026B623AD775C007C041F /* HttpResult.swift */,
				D1F026BA23AD8659007C041F /* NSError+Utils.swift */,
				D1D3788823AD9B3700206D06 /* AsyncImageView.swift */,
				D1D3789023ADA92800206D06 /* KeyValueStore.swift */,
			);
			path = Core;
			sourceTree = "<group>";
		};
/* End PBXGroup section */

/* Begin PBXNativeTarget section */
		D13D4C7D23AD6BB3006A2309 /* Shopper */ = {
			isa = PBXNativeTarget;
			buildConfigurationList = D13D4CA823AD6BB6006A2309 /* Build configuration list for PBXNativeTarget "Shopper" */;
			buildPhases = (
				D13D4C7A23AD6BB3006A2309 /* Sources */,
				D13D4C7B23AD6BB3006A2309 /* Frameworks */,
				D13D4C7C23AD6BB3006A2309 /* Resources */,
			);
			buildRules = (
			);
			dependencies = (
			);
			name = Shopper;
			productName = Shopper;
			productReference = D13D4C7E23AD6BB3006A2309 /* Shopper.app */;
			productType = "com.apple.product-type.application";
		};
		D13D4C9323AD6BB6006A2309 /* ShopperTests */ = {
			isa = PBXNativeTarget;
			buildConfigurationList = D13D4CAB23AD6BB6006A2309 /* Build configuration list for PBXNativeTarget "ShopperTests" */;
			buildPhases = (
				D13D4C9023AD6BB6006A2309 /* Sources */,
				D13D4C9123AD6BB6006A2309 /* Frameworks */,
				D13D4C9223AD6BB6006A2309 /* Resources */,
			);
			buildRules = (
			);
			dependencies = (
				D13D4C9623AD6BB6006A2309 /* PBXTargetDependency */,
			);
			name = ShopperTests;
			productName = ShopperTests;
			productReference = D13D4C9423AD6BB6006A2309 /* ShopperTests.xctest */;
			productType = "com.apple.product-type.bundle.unit-test";
		};
		D13D4C9E23AD6BB6006A2309 /* ShopperUITests */ = {
			isa = PBXNativeTarget;
			buildConfigurationList = D13D4CAE23AD6BB6006A2309 /* Build configuration list for PBXNativeTarget "ShopperUITests" */;
			buildPhases = (
				D13D4C9B23AD6BB6006A2309 /* Sources */,
				D13D4C9C23AD6BB6006A2309 /* Frameworks */,
				D13D4C9D23AD6BB6006A2309 /* Resources */,
			);
			buildRules = (
			);
			dependencies = (
				D13D4CA123AD6BB6006A2309 /* PBXTargetDependency */,
			);
			name = ShopperUITests;
			productName = ShopperUITests;
			productReference = D13D4C9F23AD6BB6006A2309 /* ShopperUITests.xctest */;
			productType = "com.apple.product-type.bundle.ui-testing";
		};
/* End PBXNativeTarget section */

/* Begin PBXProject section */
		D13D4C7623AD6BB2006A2309 /* Project object */ = {
			isa = PBXProject;
			attributes = {
				LastSwiftUpdateCheck = 1020;
				LastUpgradeCheck = 1020;
				ORGANIZATIONNAME = "Sayeed Munawar";
				TargetAttributes = {
					D13D4C7D23AD6BB3006A2309 = {
						CreatedOnToolsVersion = 10.2;
					};
					D13D4C9323AD6BB6006A2309 = {
						CreatedOnToolsVersion = 10.2;
						TestTargetID = D13D4C7D23AD6BB3006A2309;
					};
					D13D4C9E23AD6BB6006A2309 = {
						CreatedOnToolsVersion = 10.2;
						TestTargetID = D13D4C7D23AD6BB3006A2309;
					};
				};
			};
			buildConfigurationList = D13D4C7923AD6BB2006A2309 /* Build configuration list for PBXProject "Shopper" */;
			compatibilityVersion = "Xcode 9.3";
			developmentRegion = en;
			hasScannedForEncodings = 0;
			knownRegions = (
				en,
				Base,
			);
			mainGroup = D13D4C7523AD6BB2006A2309;
			productRefGroup = D13D4C7F23AD6BB3006A2309 /* Products */;
			projectDirPath = "";
			projectRoot = "";
			targets = (
				D13D4C7D23AD6BB3006A2309 /* Shopper */,
				D13D4C9323AD6BB6006A2309 /* ShopperTests */,
				D13D4C9E23AD6BB6006A2309 /* ShopperUITests */,
			);
		};
/* End PBXProject section */

/* Begin PBXResourcesBuildPhase section */
		D13D4C7C23AD6BB3006A2309 /* Resources */ = {
			isa = PBXResourcesBuildPhase;
			buildActionMask = 2147483647;
			files = (
				D13D4C8E23AD6BB6006A2309 /* LaunchScreen.storyboard in Resources */,
				D1F026C123AD8A03007C041F /* ProductListCell.xib in Resources */,
				D13D4C8B23AD6BB6006A2309 /* Assets.xcassets in Resources */,
				D13D4C8923AD6BB3006A2309 /* Main.storyboard in Resources */,
			);
			runOnlyForDeploymentPostprocessing = 0;
		};
		D13D4C9223AD6BB6006A2309 /* Resources */ = {
			isa = PBXResourcesBuildPhase;
			buildActionMask = 2147483647;
			files = (
			);
			runOnlyForDeploymentPostprocessing = 0;
		};
		D13D4C9D23AD6BB6006A2309 /* Resources */ = {
			isa = PBXResourcesBuildPhase;
			buildActionMask = 2147483647;
			files = (
			);
			runOnlyForDeploymentPostprocessing = 0;
		};
/* End PBXResourcesBuildPhase section */

/* Begin PBXSourcesBuildPhase section */
		D13D4C7A23AD6BB3006A2309 /* Sources */ = {
			isa = PBXSourcesBuildPhase;
			buildActionMask = 2147483647;
			files = (
				D1F026B923AD7B33007C041F /* HttpRequestMapper.swift in Sources */,
				D1F026B723AD775C007C041F /* HttpResult.swift in Sources */,
				D1F026B023AD7419007C041F /* ProductListService.swift in Sources */,
				D1D3788B23ADA67900206D06 /* WishListItem.swift in Sources */,
				D1D3788D23ADA6A800206D06 /* WishList.swift in Sources */,
				D1F026B323AD753C007C041F /* NetworkClient.swift in Sources */,
				D1D3789323ADAE8600206D06 /* WishListRepository.swift in Sources */,
				D13D4C8623AD6BB3006A2309 /* WishlistViewController.swift in Sources */,
				D1F026BB23AD8659007C041F /* NSError+Utils.swift in Sources */,
				D1F026A823AD6F8B007C041F /* ProductRepository.swift in Sources */,
				D13D4C8223AD6BB3006A2309 /* AppDelegate.swift in Sources */,
				D1D3788923AD9B3700206D06 /* AsyncImageView.swift in Sources */,
				D1D3789123ADA92800206D06 /* KeyValueStore.swift in Sources */,
				D1F026A623AD6D24007C041F /* ProductListViewModel.swift in Sources */,
				D13D4C8423AD6BB3006A2309 /* ProductListViewController.swift in Sources */,
				D1F026AE23AD72E5007C041F /* ProductListCell.swift in Sources */,
				D1F026B523AD75C7007C041F /* HttpRequest.swift in Sources */,
				D1F026AA23AD6FFE007C041F /* Product.swift in Sources */,
				D1D3788F23ADA71700206D06 /* WishListPersister.swift in Sources */,
				D1F026AC23AD72D8007C041F /* ProductListCellViewModel.swift in Sources */,
			);
			runOnlyForDeploymentPostprocessing = 0;
		};
		D13D4C9023AD6BB6006A2309 /* Sources */ = {
			isa = PBXSourcesBuildPhase;
			buildActionMask = 2147483647;
			files = (
				D13D4C9923AD6BB6006A2309 /* ShopperTests.swift in Sources */,
			);
			runOnlyForDeploymentPostprocessing = 0;
		};
		D13D4C9B23AD6BB6006A2309 /* Sources */ = {
			isa = PBXSourcesBuildPhase;
			buildActionMask = 2147483647;
			files = (
				D13D4CA423AD6BB6006A2309 /* ShopperUITests.swift in Sources */,
			);
			runOnlyForDeploymentPostprocessing = 0;
		};
/* End PBXSourcesBuildPhase section */

/* Begin PBXTargetDependency section */
		D13D4C9623AD6BB6006A2309 /* PBXTargetDependency */ = {
			isa = PBXTargetDependency;
			target = D13D4C7D23AD6BB3006A2309 /* Shopper */;
			targetProxy = D13D4C9523AD6BB6006A2309 /* PBXContainerItemProxy */;
		};
		D13D4CA123AD6BB6006A2309 /* PBXTargetDependency */ = {
			isa = PBXTargetDependency;
			target = D13D4C7D23AD6BB3006A2309 /* Shopper */;
			targetProxy = D13D4CA023AD6BB6006A2309 /* PBXContainerItemProxy */;
		};
/* End PBXTargetDependency section */

/* Begin PBXVariantGroup section */
		D13D4C8723AD6BB3006A2309 /* Main.storyboard */ = {
			isa = PBXVariantGroup;
			children = (
				D13D4C8823AD6BB3006A2309 /* Base */,
			);
			name = Main.storyboard;
			sourceTree = "<group>";
		};
		D13D4C8C23AD6BB6006A2309 /* LaunchScreen.storyboard */ = {
			isa = PBXVariantGroup;
			children = (
				D13D4C8D23AD6BB6006A2309 /* Base */,
			);
			name = LaunchScreen.storyboard;
			sourceTree = "<group>";
		};
/* End PBXVariantGroup section */

/* Begin XCBuildConfiguration section */
		D13D4CA623AD6BB6006A2309 /* Debug */ = {
			isa = XCBuildConfiguration;
			buildSettings = {
				ALWAYS_SEARCH_USER_PATHS = NO;
				CLANG_ANALYZER_NONNULL = YES;
				CLANG_ANALYZER_NUMBER_OBJECT_CONVERSION = YES_AGGRESSIVE;
				CLANG_CXX_LANGUAGE_STANDARD = "gnu++14";
				CLANG_CXX_LIBRARY = "libc++";
				CLANG_ENABLE_MODULES = YES;
				CLANG_ENABLE_OBJC_ARC = YES;
				CLANG_ENABLE_OBJC_WEAK = YES;
				CLANG_WARN_BLOCK_CAPTURE_AUTORELEASING = YES;
				CLANG_WARN_BOOL_CONVERSION = YES;
				CLANG_WARN_COMMA = YES;
				CLANG_WARN_CONSTANT_CONVERSION = YES;
				CLANG_WARN_DEPRECATED_OBJC_IMPLEMENTATIONS = YES;
				CLANG_WARN_DIRECT_OBJC_ISA_USAGE = YES_ERROR;
				CLANG_WARN_DOCUMENTATION_COMMENTS = YES;
				CLANG_WARN_EMPTY_BODY = YES;
				CLANG_WARN_ENUM_CONVERSION = YES;
				CLANG_WARN_INFINITE_RECURSION = YES;
				CLANG_WARN_INT_CONVERSION = YES;
				CLANG_WARN_NON_LITERAL_NULL_CONVERSION = YES;
				CLANG_WARN_OBJC_IMPLICIT_RETAIN_SELF = YES;
				CLANG_WARN_OBJC_LITERAL_CONVERSION = YES;
				CLANG_WARN_OBJC_ROOT_CLASS = YES_ERROR;
				CLANG_WARN_RANGE_LOOP_ANALYSIS = YES;
				CLANG_WARN_STRICT_PROTOTYPES = YES;
				CLANG_WARN_SUSPICIOUS_MOVE = YES;
				CLANG_WARN_UNGUARDED_AVAILABILITY = YES_AGGRESSIVE;
				CLANG_WARN_UNREACHABLE_CODE = YES;
				CLANG_WARN__DUPLICATE_METHOD_MATCH = YES;
				CODE_SIGN_IDENTITY = "iPhone Developer";
				COPY_PHASE_STRIP = NO;
				DEBUG_INFORMATION_FORMAT = dwarf;
				ENABLE_STRICT_OBJC_MSGSEND = YES;
				ENABLE_TESTABILITY = YES;
				GCC_C_LANGUAGE_STANDARD = gnu11;
				GCC_DYNAMIC_NO_PIC = NO;
				GCC_NO_COMMON_BLOCKS = YES;
				GCC_OPTIMIZATION_LEVEL = 0;
				GCC_PREPROCESSOR_DEFINITIONS = (
					"DEBUG=1",
					"$(inherited)",
				);
				GCC_WARN_64_TO_32_BIT_CONVERSION = YES;
				GCC_WARN_ABOUT_RETURN_TYPE = YES_ERROR;
				GCC_WARN_UNDECLARED_SELECTOR = YES;
				GCC_WARN_UNINITIALIZED_AUTOS = YES_AGGRESSIVE;
				GCC_WARN_UNUSED_FUNCTION = YES;
				GCC_WARN_UNUSED_VARIABLE = YES;
				IPHONEOS_DEPLOYMENT_TARGET = 12.2;
				MTL_ENABLE_DEBUG_INFO = INCLUDE_SOURCE;
				MTL_FAST_MATH = YES;
				ONLY_ACTIVE_ARCH = YES;
				SDKROOT = iphoneos;
				SWIFT_ACTIVE_COMPILATION_CONDITIONS = DEBUG;
				SWIFT_OPTIMIZATION_LEVEL = "-Onone";
			};
			name = Debug;
		};
		D13D4CA723AD6BB6006A2309 /* Release */ = {
			isa = XCBuildConfiguration;
			buildSettings = {
				ALWAYS_SEARCH_USER_PATHS = NO;
				CLANG_ANALYZER_NONNULL = YES;
				CLANG_ANALYZER_NUMBER_OBJECT_CONVERSION = YES_AGGRESSIVE;
				CLANG_CXX_LANGUAGE_STANDARD = "gnu++14";
				CLANG_CXX_LIBRARY = "libc++";
				CLANG_ENABLE_MODULES = YES;
				CLANG_ENABLE_OBJC_ARC = YES;
				CLANG_ENABLE_OBJC_WEAK = YES;
				CLANG_WARN_BLOCK_CAPTURE_AUTORELEASING = YES;
				CLANG_WARN_BOOL_CONVERSION = YES;
				CLANG_WARN_COMMA = YES;
				CLANG_WARN_CONSTANT_CONVERSION = YES;
				CLANG_WARN_DEPRECATED_OBJC_IMPLEMENTATIONS = YES;
				CLANG_WARN_DIRECT_OBJC_ISA_USAGE = YES_ERROR;
				CLANG_WARN_DOCUMENTATION_COMMENTS = YES;
				CLANG_WARN_EMPTY_BODY = YES;
				CLANG_WARN_ENUM_CONVERSION = YES;
				CLANG_WARN_INFINITE_RECURSION = YES;
				CLANG_WARN_INT_CONVERSION = YES;
				CLANG_WARN_NON_LITERAL_NULL_CONVERSION = YES;
				CLANG_WARN_OBJC_IMPLICIT_RETAIN_SELF = YES;
				CLANG_WARN_OBJC_LITERAL_CONVERSION = YES;
				CLANG_WARN_OBJC_ROOT_CLASS = YES_ERROR;
				CLANG_WARN_RANGE_LOOP_ANALYSIS = YES;
				CLANG_WARN_STRICT_PROTOTYPES = YES;
				CLANG_WARN_SUSPICIOUS_MOVE = YES;
				CLANG_WARN_UNGUARDED_AVAILABILITY = YES_AGGRESSIVE;
				CLANG_WARN_UNREACHABLE_CODE = YES;
				CLANG_WARN__DUPLICATE_METHOD_MATCH = YES;
				CODE_SIGN_IDENTITY = "iPhone Developer";
				COPY_PHASE_STRIP = NO;
				DEBUG_INFORMATION_FORMAT = "dwarf-with-dsym";
				ENABLE_NS_ASSERTIONS = NO;
				ENABLE_STRICT_OBJC_MSGSEND = YES;
				GCC_C_LANGUAGE_STANDARD = gnu11;
				GCC_NO_COMMON_BLOCKS = YES;
				GCC_WARN_64_TO_32_BIT_CONVERSION = YES;
				GCC_WARN_ABOUT_RETURN_TYPE = YES_ERROR;
				GCC_WARN_UNDECLARED_SELECTOR = YES;
				GCC_WARN_UNINITIALIZED_AUTOS = YES_AGGRESSIVE;
				GCC_WARN_UNUSED_FUNCTION = YES;
				GCC_WARN_UNUSED_VARIABLE = YES;
				IPHONEOS_DEPLOYMENT_TARGET = 12.2;
				MTL_ENABLE_DEBUG_INFO = NO;
				MTL_FAST_MATH = YES;
				SDKROOT = iphoneos;
				SWIFT_COMPILATION_MODE = wholemodule;
				SWIFT_OPTIMIZATION_LEVEL = "-O";
				VALIDATE_PRODUCT = YES;
			};
			name = Release;
		};
		D13D4CA923AD6BB6006A2309 /* Debug */ = {
			isa = XCBuildConfiguration;
			buildSettings = {
				ASSETCATALOG_COMPILER_APPICON_NAME = AppIcon;
				CODE_SIGN_STYLE = Automatic;
				INFOPLIST_FILE = Shopper/Info.plist;
				LD_RUNPATH_SEARCH_PATHS = (
					"$(inherited)",
					"@executable_path/Frameworks",
				);
				PRODUCT_BUNDLE_IDENTIFIER = com.app.Shopper;
				PRODUCT_NAME = "$(TARGET_NAME)";
				SWIFT_VERSION = 5.0;
				TARGETED_DEVICE_FAMILY = "1,2";
			};
			name = Debug;
		};
		D13D4CAA23AD6BB6006A2309 /* Release */ = {
			isa = XCBuildConfiguration;
			buildSettings = {
				ASSETCATALOG_COMPILER_APPICON_NAME = AppIcon;
				CODE_SIGN_STYLE = Automatic;
				INFOPLIST_FILE = Shopper/Info.plist;
				LD_RUNPATH_SEARCH_PATHS = (
					"$(inherited)",
					"@executable_path/Frameworks",
				);
				PRODUCT_BUNDLE_IDENTIFIER = com.app.Shopper;
				PRODUCT_NAME = "$(TARGET_NAME)";
				SWIFT_VERSION = 5.0;
				TARGETED_DEVICE_FAMILY = "1,2";
			};
			name = Release;
		};
		D13D4CAC23AD6BB6006A2309 /* Debug */ = {
			isa = XCBuildConfiguration;
			buildSettings = {
				ALWAYS_EMBED_SWIFT_STANDARD_LIBRARIES = YES;
				BUNDLE_LOADER = "$(TEST_HOST)";
				CODE_SIGN_STYLE = Automatic;
				INFOPLIST_FILE = ShopperTests/Info.plist;
				LD_RUNPATH_SEARCH_PATHS = (
					"$(inherited)",
					"@executable_path/Frameworks",
					"@loader_path/Frameworks",
				);
				PRODUCT_BUNDLE_IDENTIFIER = com.app.ShopperTests;
				PRODUCT_NAME = "$(TARGET_NAME)";
				SWIFT_VERSION = 5.0;
				TARGETED_DEVICE_FAMILY = "1,2";
				TEST_HOST = "$(BUILT_PRODUCTS_DIR)/Shopper.app/Shopper";
			};
			name = Debug;
		};
		D13D4CAD23AD6BB6006A2309 /* Release */ = {
			isa = XCBuildConfiguration;
			buildSettings = {
				ALWAYS_EMBED_SWIFT_STANDARD_LIBRARIES = YES;
				BUNDLE_LOADER = "$(TEST_HOST)";
				CODE_SIGN_STYLE = Automatic;
				INFOPLIST_FILE = ShopperTests/Info.plist;
				LD_RUNPATH_SEARCH_PATHS = (
					"$(inherited)",
					"@executable_path/Frameworks",
					"@loader_path/Frameworks",
				);
				PRODUCT_BUNDLE_IDENTIFIER = com.app.ShopperTests;
				PRODUCT_NAME = "$(TARGET_NAME)";
				SWIFT_VERSION = 5.0;
				TARGETED_DEVICE_FAMILY = "1,2";
				TEST_HOST = "$(BUILT_PRODUCTS_DIR)/Shopper.app/Shopper";
			};
			name = Release;
		};
		D13D4CAF23AD6BB6006A2309 /* Debug */ = {
			isa = XCBuildConfiguration;
			buildSettings = {
				ALWAYS_EMBED_SWIFT_STANDARD_LIBRARIES = YES;
				CODE_SIGN_STYLE = Automatic;
				INFOPLIST_FILE = ShopperUITests/Info.plist;
				LD_RUNPATH_SEARCH_PATHS = (
					"$(inherited)",
					"@executable_path/Frameworks",
					"@loader_path/Frameworks",
				);
				PRODUCT_BUNDLE_IDENTIFIER = com.app.ShopperUITests;
				PRODUCT_NAME = "$(TARGET_NAME)";
				SWIFT_VERSION = 5.0;
				TARGETED_DEVICE_FAMILY = "1,2";
				TEST_TARGET_NAME = Shopper;
			};
			name = Debug;
		};
		D13D4CB023AD6BB6006A2309 /* Release */ = {
			isa = XCBuildConfiguration;
			buildSettings = {
				ALWAYS_EMBED_SWIFT_STANDARD_LIBRARIES = YES;
				CODE_SIGN_STYLE = Automatic;
				INFOPLIST_FILE = ShopperUITests/Info.plist;
				LD_RUNPATH_SEARCH_PATHS = (
					"$(inherited)",
					"@executable_path/Frameworks",
					"@loader_path/Frameworks",
				);
				PRODUCT_BUNDLE_IDENTIFIER = com.app.ShopperUITests;
				PRODUCT_NAME = "$(TARGET_NAME)";
				SWIFT_VERSION = 5.0;
				TARGETED_DEVICE_FAMILY = "1,2";
				TEST_TARGET_NAME = Shopper;
			};
			name = Release;
		};
/* End XCBuildConfiguration section */

/* Begin XCConfigurationList section */
		D13D4C7923AD6BB2006A2309 /* Build configuration list for PBXProject "Shopper" */ = {
			isa = XCConfigurationList;
			buildConfigurations = (
				D13D4CA623AD6BB6006A2309 /* Debug */,
				D13D4CA723AD6BB6006A2309 /* Release */,
			);
			defaultConfigurationIsVisible = 0;
			defaultConfigurationName = Release;
		};
		D13D4CA823AD6BB6006A2309 /* Build configuration list for PBXNativeTarget "Shopper" */ = {
			isa = XCConfigurationList;
			buildConfigurations = (
				D13D4CA923AD6BB6006A2309 /* Debug */,
				D13D4CAA23AD6BB6006A2309 /* Release */,
			);
			defaultConfigurationIsVisible = 0;
			defaultConfigurationName = Release;
		};
		D13D4CAB23AD6BB6006A2309 /* Build configuration list for PBXNativeTarget "ShopperTests" */ = {
			isa = XCConfigurationList;
			buildConfigurations = (
				D13D4CAC23AD6BB6006A2309 /* Debug */,
				D13D4CAD23AD6BB6006A2309 /* Release */,
			);
			defaultConfigurationIsVisible = 0;
			defaultConfigurationName = Release;
		};
		D13D4CAE23AD6BB6006A2309 /* Build configuration list for PBXNativeTarget "ShopperUITests" */ = {
			isa = XCConfigurationList;
			buildConfigurations = (
				D13D4CAF23AD6BB6006A2309 /* Debug */,
				D13D4CB023AD6BB6006A2309 /* Release */,
			);
			defaultConfigurationIsVisible = 0;
			defaultConfigurationName = Release;
		};
/* End XCConfigurationList section */
	};
	rootObject = D13D4C7623AD6BB2006A2309 /* Project object */;
}
